
Microsoft Visual Studio Solution File, Format Version 12.00
# Visual Studio 2012
Project("{FAE04EC0-301F-11D3-BF4B-00C04F79EFBC}") = "Game", "Game\Game.csproj", "{0CE77C1F-E699-403D-81FB-B5441E19B2EE}"
EndProject
Global
	GlobalSection(SolutionConfigurationPlatforms) = preSolution
		Debug|Any CPU = Debug|Any CPU
		Release|Any CPU = Release|Any CPU
	EndGlobalSection
	GlobalSection(ProjectConfigurationPlatforms) = postSolution
		{0CE77C1F-E699-403D-81FB-B5441E19B2EE}.Debug|Any CPU.ActiveCfg = Debug|Any CPU
		{0CE77C1F-E699-403D-81FB-B5441E19B2EE}.Debug|Any CPU.Build.0 = Debug|Any CPU
		{0CE77C1F-E699-403D-81FB-B5441E19B2EE}.Release|Any CPU.ActiveCfg = Release|Any CPU
		{0CE77C1F-E699-403D-81FB-B5441E19B2EE}.Release|Any CPU.Build.0 = Release|Any CPU
	EndGlobalSection
	GlobalSection(SolutionProperties) = preSolution
		HideSolutionNode = FALSE
	EndGlobalSection
EndGlobal
